
Microsoft Visual Studio Solution File, Format Version 12.00
# Visual Studio Version 17
VisualStudioVersion = 17.8.34330.188
MinimumVisualStudioVersion = 10.0.40219.1
Project("{8BC9CEB8-8B4A-11D0-8D11-00A0C91BC942}") = "Lab2", "Lab2\Lab2.vcxproj", "{B4F99762-FE3E-404D-BEE5-62119B470B0A}"
EndProject
Global
	GlobalSection(SolutionConfigurationPlatforms) = preSolution
		Debug|x64 = Debug|x64
		Debug|x86 = Debug|x86
		Release|x64 = Release|x64
		Release|x86 = Release|x86
	EndGlobalSection
	GlobalSection(ProjectConfigurationPlatforms) = postSolution
		{B4F99762-FE3E-404D-BEE5-62119B470B0A}.Debug|x64.ActiveCfg = Debug|x64
		{B4F99762-FE3E-404D-BEE5-62119B470B0A}.Debug|x64.Build.0 = Debug|x64
		{B4F99762-FE3E-404D-BEE5-62119B470B0A}.Debug|x86.ActiveCfg = Debug|Win32
		{B4F99762-FE3E-404D-BEE5-62119B470B0A}.Debug|x86.Build.0 = Debug|Win32
		{B4F99762-FE3E-404D-BEE5-62119B470B0A}.Release|x64.ActiveCfg = Release|x64
		{B4F99762-FE3E-404D-BEE5-62119B470B0A}.Release|x64.Build.0 = Release|x64
		{B4F99762-FE3E-404D-BEE5-62119B470B0A}.Release|x86.ActiveCfg = Release|Win32
		{B4F99762-FE3E-404D-BEE5-62119B470B0A}.Release|x86.Build.0 = Release|Win32
	EndGlobalSection
	GlobalSection(SolutionProperties) = preSolution
		HideSolutionNode = FALSE
	EndGlobalSection
	GlobalSection(ExtensibilityGlobals) = postSolution
		SolutionGuid = {4184EB8C-7ED5-4C63-AFEC-AE5771B8B2B6}
	EndGlobalSection
EndGlobal
